
Microsoft Visual Studio Solution File, Format Version 12.00
# Visual Studio Version 17
VisualStudioVersion = 17.13.35919.96 d17.13
MinimumVisualStudioVersion = 10.0.40219.1
Project("{FAE04EC0-301F-11D3-BF4B-00C04F79EFBC}") = "Aula17", "Aula17.csproj", "{47B872FD-ACD2-4B0B-BA36-15069751CBAB}"
EndProject
Global
	GlobalSection(SolutionConfigurationPlatforms) = preSolution
		Debug|Any CPU = Debug|Any CPU
		Release|Any CPU = Release|Any CPU
	EndGlobalSection
	GlobalSection(ProjectConfigurationPlatforms) = postSolution
		{47B872FD-ACD2-4B0B-BA36-15069751CBAB}.Debug|Any CPU.ActiveCfg = Debug|Any CPU
		{47B872FD-ACD2-4B0B-BA36-15069751CBAB}.Debug|Any CPU.Build.0 = Debug|Any CPU
		{47B872FD-ACD2-4B0B-BA36-15069751CBAB}.Release|Any CPU.ActiveCfg = Release|Any CPU
		{47B872FD-ACD2-4B0B-BA36-15069751CBAB}.Release|Any CPU.Build.0 = Release|Any CPU
	EndGlobalSection
	GlobalSection(SolutionProperties) = preSolution
		HideSolutionNode = FALSE
	EndGlobalSection
	GlobalSection(ExtensibilityGlobals) = postSolution
		SolutionGuid = {89C96849-A8DE-479D-B999-872BE8B645E2}
	EndGlobalSection
EndGlobal
