
Microsoft Visual Studio Solution File, Format Version 12.00
# Visual Studio Version 17
VisualStudioVersion = 17.13.35919.96 d17.13
MinimumVisualStudioVersion = 10.0.40219.1
Project("{FAE04EC0-301F-11D3-BF4B-00C04F79EFBC}") = "Aula15", "Aula15.csproj", "{9AB67809-6B12-43E4-93B5-B61811CF5221}"
EndProject
Global
	GlobalSection(SolutionConfigurationPlatforms) = preSolution
		Debug|Any CPU = Debug|Any CPU
		Release|Any CPU = Release|Any CPU
	EndGlobalSection
	GlobalSection(ProjectConfigurationPlatforms) = postSolution
		{9AB67809-6B12-43E4-93B5-B61811CF5221}.Debug|Any CPU.ActiveCfg = Debug|Any CPU
		{9AB67809-6B12-43E4-93B5-B61811CF5221}.Debug|Any CPU.Build.0 = Debug|Any CPU
		{9AB67809-6B12-43E4-93B5-B61811CF5221}.Release|Any CPU.ActiveCfg = Release|Any CPU
		{9AB67809-6B12-43E4-93B5-B61811CF5221}.Release|Any CPU.Build.0 = Release|Any CPU
	EndGlobalSection
	GlobalSection(SolutionProperties) = preSolution
		HideSolutionNode = FALSE
	EndGlobalSection
	GlobalSection(ExtensibilityGlobals) = postSolution
		SolutionGuid = {D5B4E556-B63D-44F1-AFD6-43D47A023E92}
	EndGlobalSection
EndGlobal
