
Microsoft Visual Studio Solution File, Format Version 12.00
# Visual Studio Version 17
VisualStudioVersion = 17.13.35919.96 d17.13
MinimumVisualStudioVersion = 10.0.40219.1
Project("{FAE04EC0-301F-11D3-BF4B-00C04F79EFBC}") = "Aula08", "Aula08.csproj", "{03F97C97-5255-4D22-81F7-301955E580AA}"
EndProject
Global
	GlobalSection(SolutionConfigurationPlatforms) = preSolution
		Debug|Any CPU = Debug|Any CPU
		Release|Any CPU = Release|Any CPU
	EndGlobalSection
	GlobalSection(ProjectConfigurationPlatforms) = postSolution
		{03F97C97-5255-4D22-81F7-301955E580AA}.Debug|Any CPU.ActiveCfg = Debug|Any CPU
		{03F97C97-5255-4D22-81F7-301955E580AA}.Debug|Any CPU.Build.0 = Debug|Any CPU
		{03F97C97-5255-4D22-81F7-301955E580AA}.Release|Any CPU.ActiveCfg = Release|Any CPU
		{03F97C97-5255-4D22-81F7-301955E580AA}.Release|Any CPU.Build.0 = Release|Any CPU
	EndGlobalSection
	GlobalSection(SolutionProperties) = preSolution
		HideSolutionNode = FALSE
	EndGlobalSection
	GlobalSection(ExtensibilityGlobals) = postSolution
		SolutionGuid = {872D829C-F357-4E26-BB74-4AA91951B37F}
	EndGlobalSection
EndGlobal
