
Microsoft Visual Studio Solution File, Format Version 12.00
# Visual Studio Version 17
VisualStudioVersion = 17.13.35919.96 d17.13
MinimumVisualStudioVersion = 10.0.40219.1
Project("{FAE04EC0-301F-11D3-BF4B-00C04F79EFBC}") = "Aula1", "Aula1.csproj", "{D858D0C1-C544-4D6E-94D0-74289F4433DE}"
EndProject
Global
	GlobalSection(SolutionConfigurationPlatforms) = preSolution
		Debug|Any CPU = Debug|Any CPU
		Release|Any CPU = Release|Any CPU
	EndGlobalSection
	GlobalSection(ProjectConfigurationPlatforms) = postSolution
		{D858D0C1-C544-4D6E-94D0-74289F4433DE}.Debug|Any CPU.ActiveCfg = Debug|Any CPU
		{D858D0C1-C544-4D6E-94D0-74289F4433DE}.Debug|Any CPU.Build.0 = Debug|Any CPU
		{D858D0C1-C544-4D6E-94D0-74289F4433DE}.Release|Any CPU.ActiveCfg = Release|Any CPU
		{D858D0C1-C544-4D6E-94D0-74289F4433DE}.Release|Any CPU.Build.0 = Release|Any CPU
	EndGlobalSection
	GlobalSection(SolutionProperties) = preSolution
		HideSolutionNode = FALSE
	EndGlobalSection
	GlobalSection(ExtensibilityGlobals) = postSolution
		SolutionGuid = {7D414446-462A-469E-ACD1-D83ACF6A5E28}
	EndGlobalSection
EndGlobal
